Microsoft Visual Studio Solution File, Format Version 11.00
# Visual Studio 2008

Project("{57A0878B-1A70-370B-9FDC-9BB3B5136F6A}") = "FirstVr", "Assembly-CSharp.csproj", "{F5BE45ED-F2DF-CD7B-532D-DE9B60EF82B7}"
EndProject
Project("{57A0878B-1A70-370B-9FDC-9BB3B5136F6A}") = "FirstVr", "Assembly-CSharp-Editor.csproj", "{D203876C-5BF3-E3D8-A819-0B4DEC256EFC}"
EndProject
Global
	GlobalSection(SolutionConfigurationPlatforms) = preSolution
		Debug|Any CPU = Debug|Any CPU
		Release|Any CPU = Release|Any CPU
	EndGlobalSection
	GlobalSection(ProjectConfigurationPlatforms) = postSolution
		{F5BE45ED-F2DF-CD7B-532D-DE9B60EF82B7}.Debug|Any CPU.ActiveCfg = Debug|Any CPU
		{F5BE45ED-F2DF-CD7B-532D-DE9B60EF82B7}.Debug|Any CPU.Build.0 = Debug|Any CPU
		{F5BE45ED-F2DF-CD7B-532D-DE9B60EF82B7}.Release|Any CPU.ActiveCfg = Release|Any CPU
		{F5BE45ED-F2DF-CD7B-532D-DE9B60EF82B7}.Release|Any CPU.Build.0 = Release|Any CPU
		{D203876C-5BF3-E3D8-A819-0B4DEC256EFC}.Debug|Any CPU.ActiveCfg = Debug|Any CPU
		{D203876C-5BF3-E3D8-A819-0B4DEC256EFC}.Debug|Any CPU.Build.0 = Debug|Any CPU
		{D203876C-5BF3-E3D8-A819-0B4DEC256EFC}.Release|Any CPU.ActiveCfg = Release|Any CPU
		{D203876C-5BF3-E3D8-A819-0B4DEC256EFC}.Release|Any CPU.Build.0 = Release|Any CPU
	EndGlobalSection
	GlobalSection(SolutionProperties) = preSolution
		HideSolutionNode = FALSE
	EndGlobalSection
	GlobalSection(MonoDevelopProperties) = preSolution
		StartupItem = Assembly-CSharp.csproj
	EndGlobalSection
EndGlobal
